
Microsoft Visual Studio Solution File, Format Version 12.00
# Visual Studio Version 17
VisualStudioVersion = 17.11.35312.102
MinimumVisualStudioVersion = 10.0.40219.1
Project("{FAE04EC0-301F-11D3-BF4B-00C04F79EFBC}") = "Lab3_7", "Lab3_7\Lab3_7.csproj", "{49397B5D-5530-49A5-BA60-E3BA183AECE7}"
EndProject
Global
	GlobalSection(SolutionConfigurationPlatforms) = preSolution
		Debug|Any CPU = Debug|Any CPU
		Release|Any CPU = Release|Any CPU
	EndGlobalSection
	GlobalSection(ProjectConfigurationPlatforms) = postSolution
		{49397B5D-5530-49A5-BA60-E3BA183AECE7}.Debug|Any CPU.ActiveCfg = Debug|Any CPU
		{49397B5D-5530-49A5-BA60-E3BA183AECE7}.Debug|Any CPU.Build.0 = Debug|Any CPU
		{49397B5D-5530-49A5-BA60-E3BA183AECE7}.Release|Any CPU.ActiveCfg = Release|Any CPU
		{49397B5D-5530-49A5-BA60-E3BA183AECE7}.Release|Any CPU.Build.0 = Release|Any CPU
	EndGlobalSection
	GlobalSection(SolutionProperties) = preSolution
		HideSolutionNode = FALSE
	EndGlobalSection
	GlobalSection(ExtensibilityGlobals) = postSolution
		SolutionGuid = {11DCAACC-0D99-44A5-BD75-9D63C134828F}
	EndGlobalSection
EndGlobal
